<?xml version="1.0" encoding="utf-8"?>
<Project ToolsVersion="4.0" xmlns="http://schemas.microsoft.com/developer/msbuild/2003">
  <ItemGroup>
    <Filter Include="Source Files">
      <UniqueIdentifier>{4FC737F1-C7A5-4376-A066-2A32D752A2FF}</UniqueIdentifier>
      <Extensions>cpp;c;cc;cxx;c++;cppm;ixx;def;odl;idl;hpj;bat;asm;asmx</Extensions>
    </Filter>
    <Filter Include="Header Files">
      <UniqueIdentifier>{93995380-89BD-4b04-88EB-625FBE52EBFB}</UniqueIdentifier>
      <Extensions>h;hh;hpp;hxx;h++;hm;inl;inc;ipp;xsd</Extensions>
    </Filter>
    <Filter Include="Resource Files">
      <UniqueIdentifier>{67DA6AB6-F800-4c08-8B7A-83BB121AAD01}</UniqueIdentifier>
      <Extensions>rc;ico;cur;bmp;dlg;rc2;rct;bin;rgs;gif;jpg;jpeg;jpe;resx;tiff;tif;png;wav;mfcribbon-ms</Extensions>
    </Filter>
    <Filter Include="Header Files\UzemneJednotky">
      <UniqueIdentifier>{9fefdb25-3e13-44be-bd60-038cae2d8a96}</UniqueIdentifier>
    </Filter>
    <Filter Include="Header Files\Structures">
      <UniqueIdentifier>{a8b75456-52a3-495a-bd89-502fe58e8150}</UniqueIdentifier>
    </Filter>
  </ItemGroup>
  <ItemGroup>
    <ClCompile Include="main.cpp">
      <Filter>Source Files</Filter>
    </ClCompile>
    <ClCompile Include="structures\structure.cpp">
      <Filter>Header Files\Structures</Filter>
    </ClCompile>
    <ClCompile Include="structures\vector.cpp">
      <Filter>Header Files\Structures</Filter>
    </ClCompile>
    <ClCompile Include="structures\utils.cpp">
      <Filter>Header Files\Structures</Filter>
    </ClCompile>
    <ClCompile Include="VyssiCelok.cpp">
      <Filter>Source Files</Filter>
    </ClCompile>
    <ClCompile Include="Input.cpp">
      <Filter>Source Files</Filter>
    </ClCompile>
    <ClCompile Include="Priklady.cpp">
      <Filter>Source Files</Filter>
    </ClCompile>
    <ClCompile Include="Criterion.cpp">
      <Filter>Source Files</Filter>
    </ClCompile>
  </ItemGroup>
  <ItemGroup>
    <ClInclude Include="Criterion.h">
      <Filter>Header Files</Filter>
    </ClInclude>
    <ClInclude Include="Filter.h">
      <Filter>Header Files</Filter>
    </ClInclude>
    <ClInclude Include="EnumTyp.h">
      <Filter>Header Files</Filter>
    </ClInclude>
    <ClInclude Include="UzemnaJednotka.h">
      <Filter>Header Files\UzemneJednotky</Filter>
    </ClInclude>
    <ClInclude Include="VyssiCelok.h">
      <Filter>Header Files\UzemneJednotky</Filter>
    </ClInclude>
    <ClInclude Include="Okres.h">
      <Filter>Header Files\UzemneJednotky</Filter>
    </ClInclude>
    <ClInclude Include="Kraj.h">
      <Filter>Header Files\UzemneJednotky</Filter>
    </ClInclude>
    <ClInclude Include="Stat.h">
      <Filter>Header Files\UzemneJednotky</Filter>
    </ClInclude>
    <ClInclude Include="Obec.h">
      <Filter>Header Files\UzemneJednotky</Filter>
    </ClInclude>
    <ClInclude Include="Vzdelanie.h">
      <Filter>Header Files\UzemneJednotky</Filter>
    </ClInclude>
    <ClInclude Include="structures\array.h">
      <Filter>Header Files\Structures</Filter>
    </ClInclude>
    <ClInclude Include="structures\structure.h">
      <Filter>Header Files\Structures</Filter>
    </ClInclude>
    <ClInclude Include="structures\vector.h">
      <Filter>Header Files\Structures</Filter>
    </ClInclude>
    <ClInclude Include="structures\utils.h">
      <Filter>Header Files\Structures</Filter>
    </ClInclude>
    <ClInclude Include="structures\types.h">
      <Filter>Header Files\Structures</Filter>
    </ClInclude>
    <ClInclude Include="structures\array_list.h">
      <Filter>Header Files\Structures</Filter>
    </ClInclude>
    <ClInclude Include="structures\list.h">
      <Filter>Header Files\Structures</Filter>
    </ClInclude>
    <ClInclude Include="structures\structure_iterator.h">
      <Filter>Header Files\Structures</Filter>
    </ClInclude>
    <ClInclude Include="structures\quick_sort.h">
      <Filter>Header Files\Structures</Filter>
    </ClInclude>
    <ClInclude Include="structures\sequence_table.h">
      <Filter>Header Files\Structures</Filter>
    </ClInclude>
    <ClInclude Include="structures\sorted_sequence_table.h">
      <Filter>Header Files\Structures</Filter>
    </ClInclude>
    <ClInclude Include="structures\unsorted_sequence_table.h">
      <Filter>Header Files\Structures</Filter>
    </ClInclude>
    <ClInclude Include="structures\sort.h">
      <Filter>Header Files\Structures</Filter>
    </ClInclude>
    <ClInclude Include="Input.h">
      <Filter>Header Files</Filter>
    </ClInclude>
    <ClInclude Include="structures\data_item.h">
      <Filter>Header Files\Structures</Filter>
    </ClInclude>
    <ClInclude Include="Priklady.h">
      <Filter>Header Files</Filter>
    </ClInclude>
    <ClInclude Include="structures\heap_monitor.h">
      <Filter>Header Files\Structures</Filter>
    </ClInclude>
    <ClInclude Include="Vek.h">
      <Filter>Header Files\UzemneJednotky</Filter>
    </ClInclude>
    <ClInclude Include="SelectionCriterion.h">
      <Filter>Header Files</Filter>
    </ClInclude>
  </ItemGroup>
</Project>